
Microsoft Visual Studio Solution File, Format Version 12.00
# Visual Studio Version 17
VisualStudioVersion = 17.4.33205.214
MinimumVisualStudioVersion = 10.0.40219.1
Project("{888888A0-9F3D-457C-B088-3A5042F75D52}") = "arvestustöö_kool", "arvestustöö_kool.pyproj", "{7D5DC015-F88B-4682-8A91-23FD976BE2C8}"
EndProject
Global
	GlobalSection(SolutionConfigurationPlatforms) = preSolution
		Debug|Any CPU = Debug|Any CPU
		Release|Any CPU = Release|Any CPU
	EndGlobalSection
	GlobalSection(ProjectConfigurationPlatforms) = postSolution
		{7D5DC015-F88B-4682-8A91-23FD976BE2C8}.Debug|Any CPU.ActiveCfg = Debug|Any CPU
		{7D5DC015-F88B-4682-8A91-23FD976BE2C8}.Release|Any CPU.ActiveCfg = Release|Any CPU
	EndGlobalSection
	GlobalSection(SolutionProperties) = preSolution
		HideSolutionNode = FALSE
	EndGlobalSection
	GlobalSection(ExtensibilityGlobals) = postSolution
		SolutionGuid = {55D465AA-8915-4EBF-B9BF-01057CC62298}
	EndGlobalSection
EndGlobal
